# Generated by pub
# See https://dart.dev/tools/pub/glossary#lockfile
packages:
  bloc:
    dependency: "direct main"
    description:
      path: "packages/bloc"
      ref: HEAD
      resolved-ref: "77bb1ce2e4646efc0cc99b9c988e8ded155c035d"
      url: "https://github.com/felangel/bloc.git"
    source: git
    version: "8.0.1"
  meta:
    dependency: "direct main"
    description:
      name: meta
      url: "https://pub.dartlang.org"
    source: hosted
    version: "1.7.0"
sdks:
  dart: ">=2.14.4 <3.0.0"
