# Generated by pub
# See https://dart.dev/tools/pub/glossary#lockfile
packages:
  bloc:
    dependency: "direct main"
    description:
      path: "packages/bloc"
      ref: HEAD
      resolved-ref: fb8b2d4bf1aade901ffd1ebf9dee6ad2be341a9b
      url: "https://github.com/felangel/bloc.git"
    source: git
    version: "8.0.1"
  lints:
    dependency: "direct dev"
    description:
      name: lints
      url: "https://pub.dartlang.org"
    source: hosted
    version: "1.0.1"
  meta:
    dependency: "direct main"
    description:
      name: meta
      url: "https://pub.dartlang.org"
    source: hosted
    version: "1.7.0"
sdks:
  dart: ">=2.14.4 <3.0.0"
